hash: 2362e20848529fd00885316090d703d619f08b0fce9b6c7d9b8f234925335e1d
updated: 2018-01-06T23:19:43.155465063-08:00
imports:
- name: github.com/antlr/antlr4
  version: d4d7e3d3bc3b65bb00579fe826834a9263fa45e6
  subpackages:
  - runtime/Go/antlr
- name: github.com/chzyer/readline
  version: 62c6fe6193755f722b8b8788aa7357be55a50ff1
- name: github.com/golang/glog
  version: 23def4e6c14b4da8ac2ed8007337bc5eb5007998
- name: github.com/golang/protobuf
  version: f592bd283e9ef86337a432eb50e592278c3d534d
  subpackages:
  - proto
- name: github.com/gorilla/rpc
  version: 22c016f3df3febe0c1f6727598b6389507e03a18
  subpackages:
  - v2
  - v2/json2
- name: github.com/gorilla/websocket
  version: ea4d1f681babbce9545c9c5f3d5194a789c89f5b
- name: github.com/markcheno/go-talib
  version: 728fd593e16c454b586fbbe4a9fc039319edf761
- name: github.com/vmihailenco/msgpack
  version: de4b4857c10538d591bee30e8114176008f8b9d0
  subpackages:
  - codes
- name: golang.org/x/net
  version: 07b51741c1d6423d4a6abab1c49940ec09cb1aaf
  subpackages:
  - context
- name: google.golang.org/appengine
  version: e951d3868b377b14f4e60efa3a301532ee3c1ebf
  subpackages:
  - datastore
  - internal
  - internal/app_identity
  - internal/base
  - internal/datastore
  - internal/log
  - internal/modules
  - internal/remote_api
- name: gopkg.in/vmihailenco/msgpack.v2
  version: de4b4857c10538d591bee30e8114176008f8b9d0
- name: gopkg.in/yaml.v2
  version: e4d366fc3c7938e2958e662b4258c7a89e1f0e3e
testImports:
- name: gopkg.in/check.v1
  version: 4f90aeace3a26ad7021961c297b22c42160c7b25
