# This file is autogenerated, do not edit; changes may be undone by the next 'dep ensure'.


[[projects]]
  branch = "master"
  name = "github.com/alpacahq/marketstore"
  packages = ["catalog","executor","executor/buffile","executor/readhint","planner","plugins/bgworker","plugins/trigger","utils","utils/io","utils/log"]
  revision = "dd03be9484f7475e30371a413d859ad132a1af0d"

[[projects]]
  branch = "master"
  name = "github.com/golang/glog"
  packages = ["."]
  revision = "23def4e6c14b4da8ac2ed8007337bc5eb5007998"

[[projects]]
  name = "github.com/preichenberger/go-gdax"
  packages = ["."]
  revision = "77508b321c9785d9d8d804d564794d5bf6d4283e"
  version = "0.3.3"

[[projects]]
  branch = "v1"
  name = "gopkg.in/check.v1"
  packages = ["."]
  revision = "20d25e2804050c1cd24a7eea1e7a6447dd0e74ec"

[[projects]]
  branch = "v2"
  name = "gopkg.in/yaml.v2"
  packages = ["."]
  revision = "d670f9405373e636a5a2765eea47fac0c9bc91a4"

[solve-meta]
  analyzer-name = "dep"
  analyzer-version = 1
  inputs-digest = "bd80ff63652ae4e2d74a2e6a517fc33e5ff3129e9f4bb63e7e9c275958f72533"
  solver-name = "gps-cdcl"
  solver-version = 1
